PODS:
  - HPWebKit (1.2.1):
    - SSZipArchive (~> 2.2)
  - SSZipArchive (2.4.2)

DEPENDENCIES:
  - HPWebKit (from `../../`)

SPEC REPOS:
  trunk:
    - SSZipArchive

EXTERNAL SOURCES:
  HPWebKit:
    :path: "../../"

SPEC CHECKSUMS:
  HPWebKit: 0cd4b18364dc7c71499d0793c9fa4f93e40a49ae
  SSZipArchive: e7b4f3d9e780c2acc1764cd88fbf2de28f26e5b2

PODFILE CHECKSUM: 642cd3f219e2a9978a1dca0b5f97ec3977b282d0

COCOAPODS: 1.11.3
